
Microsoft Visual Studio Solution File, Format Version 12.00
# Visual Studio Version 16
VisualStudioVersion = 16.0.29911.84
MinimumVisualStudioVersion = 10.0.40219.1
Project("{FAE04EC0-301F-11D3-BF4B-00C04F79EFBC}") = "Guardar Imagen en SQL Server", "Guardar Imagen en SQL Server\Guardar Imagen en SQL Server.csproj", "{B05EC7D9-3AA5-48B6-92DD-B0137DAD2E49}"
EndProject
Global
	GlobalSection(SolutionConfigurationPlatforms) = preSolution
		Debug|Any CPU = Debug|Any CPU
		Release|Any CPU = Release|Any CPU
	EndGlobalSection
	GlobalSection(ProjectConfigurationPlatforms) = postSolution
		{B05EC7D9-3AA5-48B6-92DD-B0137DAD2E49}.Debug|Any CPU.ActiveCfg = Debug|Any CPU
		{B05EC7D9-3AA5-48B6-92DD-B0137DAD2E49}.Debug|Any CPU.Build.0 = Debug|Any CPU
		{B05EC7D9-3AA5-48B6-92DD-B0137DAD2E49}.Release|Any CPU.ActiveCfg = Release|Any CPU
		{B05EC7D9-3AA5-48B6-92DD-B0137DAD2E49}.Release|Any CPU.Build.0 = Release|Any CPU
	EndGlobalSection
	GlobalSection(SolutionProperties) = preSolution
		HideSolutionNode = FALSE
	EndGlobalSection
	GlobalSection(ExtensibilityGlobals) = postSolution
		SolutionGuid = {0FDDCE09-9AD2-4E29-9C56-4EBF3F11D298}
	EndGlobalSection
EndGlobal
